// !$*UTF8*$!
{
	archiveVersion = 1;
	classes = {
	};
	objectVersion = 56;
	objects = {

/* Begin PBXBuildFile section */
		7A4E23C22B63F33E00D386F4 /* AppDelegate.swift in Sources */ = {isa = PBXBuildFile; fileRef = 7A4E23C12B63F33E00D386F4 /* AppDelegate.swift */; };
		7A4E23C42B63F33E00D386F4 /* SceneDelegate.swift in Sources */ = {isa = PBXBuildFile; fileRef = 7A4E23C32B63F33E00D386F4 /* SceneDelegate.swift */; };
		7A4E23C62B63F33E00D386F4 /* NewsViewController.swift in Sources */ = {isa = PBXBuildFile; fileRef = 7A4E23C52B63F33E00D386F4 /* NewsViewController.swift */; };
		7A4E23C92B63F33E00D386F4 /* Main.storyboard in Resources */ = {isa = PBXBuildFile; fileRef = 7A4E23C72B63F33E00D386F4 /* Main.storyboard */; };
		7A4E23CB2B63F34000D386F4 /* Assets.xcassets in Resources */ = {isa = PBXBuildFile; fileRef = 7A4E23CA2B63F34000D386F4 /* Assets.xcassets */; };
		7A4E23CE2B63F34000D386F4 /* LaunchScreen.storyboard in Resources */ = {isa = PBXBuildFile; fileRef = 7A4E23CC2B63F34000D386F4 /* LaunchScreen.storyboard */; };
		7A4E23D62B63F52E00D386F4 /* APICaller.swift in Sources */ = {isa = PBXBuildFile; fileRef = 7A4E23D52B63F52E00D386F4 /* APICaller.swift */; };
		7A4E23D82B63FD8100D386F4 /* NewsTableViewCell.swift in Sources */ = {isa = PBXBuildFile; fileRef = 7A4E23D72B63FD8100D386F4 /* NewsTableViewCell.swift */; };
		7A6926B22B64487B00C7DEEB /* NewsTableViewCellViewModel.swift in Sources */ = {isa = PBXBuildFile; fileRef = 7A6926B12B64487B00C7DEEB /* NewsTableViewCellViewModel.swift */; };
		7A6926B42B64621400C7DEEB /* NewsModel.swift in Sources */ = {isa = PBXBuildFile; fileRef = 7A6926B32B64621400C7DEEB /* NewsModel.swift */; };
		7AC7DC752BF80F8100ACDDCD /* ImageCache.swift in Sources */ = {isa = PBXBuildFile; fileRef = 7AC7DC742BF80F8100ACDDCD /* ImageCache.swift */; };
/* End PBXBuildFile section */

/* Begin PBXFileReference section */
		7A4E23BE2B63F33E00D386F4 /* NewsApp.app */ = {isa = PBXFileReference; explicitFileType = wrapper.application; includeInIndex = 0; path = NewsApp.app; sourceTree = BUILT_PRODUCTS_DIR; };
		7A4E23C12B63F33E00D386F4 /* AppDelegate.swift */ = {isa = PBXFileReference; lastKnownFileType = sourcecode.swift; path = AppDelegate.swift; sourceTree = "<group>"; };
		7A4E23C32B63F33E00D386F4 /* SceneDelegate.swift */ = {isa = PBXFileReference; lastKnownFileType = sourcecode.swift; path = SceneDelegate.swift; sourceTree = "<group>"; };
		7A4E23C52B63F33E00D386F4 /* NewsViewController.swift */ = {isa = PBXFileReference; lastKnownFileType = sourcecode.swift; path = NewsViewController.swift; sourceTree = "<group>"; };
		7A4E23C82B63F33E00D386F4 /* Base */ = {isa = PBXFileReference; lastKnownFileType = file.storyboard; name = Base; path = Base.lproj/Main.storyboard; sourceTree = "<group>"; };
		7A4E23CA2B63F34000D386F4 /* Assets.xcassets */ = {isa = PBXFileReference; lastKnownFileType = folder.assetcatalog; path = Assets.xcassets; sourceTree = "<group>"; };
		7A4E23CD2B63F34000D386F4 /* Base */ = {isa = PBXFileReference; lastKnownFileType = file.storyboard; name = Base; path = Base.lproj/LaunchScreen.storyboard; sourceTree = "<group>"; };
		7A4E23CF2B63F34000D386F4 /* Info.plist */ = {isa = PBXFileReference; lastKnownFileType = text.plist.xml; path = Info.plist; sourceTree = "<group>"; };
		7A4E23D52B63F52E00D386F4 /* APICaller.swift */ = {isa = PBXFileReference; lastKnownFileType = sourcecode.swift; path = APICaller.swift; sourceTree = "<group>"; };
		7A4E23D72B63FD8100D386F4 /* NewsTableViewCell.swift */ = {isa = PBXFileReference; lastKnownFileType = sourcecode.swift; path = NewsTableViewCell.swift; sourceTree = "<group>"; };
		7A6926B12B64487B00C7DEEB /* NewsTableViewCellViewModel.swift */ = {isa = PBXFileReference; lastKnownFileType = sourcecode.swift; path = NewsTableViewCellViewModel.swift; sourceTree = "<group>"; };
		7A6926B32B64621400C7DEEB /* NewsModel.swift */ = {isa = PBXFileReference; lastKnownFileType = sourcecode.swift; path = NewsModel.swift; sourceTree = "<group>"; };
		7AC7DC742BF80F8100ACDDCD /* ImageCache.swift */ = {isa = PBXFileReference; lastKnownFileType = sourcecode.swift; path = ImageCache.swift; sourceTree = "<group>"; };
/* End PBXFileReference section */

/* Begin PBXFrameworksBuildPhase section */
		7A4E23BB2B63F33E00D386F4 /* Frameworks */ = {
			isa = PBXFrameworksBuildPhase;
			buildActionMask = 2147483647;
			files = (
			);
			runOnlyForDeploymentPostprocessing = 0;
		};
/* End PBXFrameworksBuildPhase section */

/* Begin PBXGroup section */
		7A4E23B52B63F33E00D386F4 = {
			isa = PBXGroup;
			children = (
				7A4E23C02B63F33E00D386F4 /* NewsApp */,
				7A4E23BF2B63F33E00D386F4 /* Products */,
			);
			sourceTree = "<group>";
		};
		7A4E23BF2B63F33E00D386F4 /* Products */ = {
			isa = PBXGroup;
			children = (
				7A4E23BE2B63F33E00D386F4 /* NewsApp.app */,
			);
			name = Products;
			sourceTree = "<group>";
		};
		7A4E23C02B63F33E00D386F4 /* NewsApp */ = {
			isa = PBXGroup;
			children = (
				7A6926B92B64703C00C7DEEB /* Resources */,
				7A6926BA2B6470A200C7DEEB /* APIClient */,
				7A6926B52B646FD100C7DEEB /* Models */,
				7A6926B82B64700900C7DEEB /* Views */,
				7A6926B62B646FEB00C7DEEB /* ViewModels */,
				7A6926B72B64700200C7DEEB /* Controllers */,
				7A4E23CF2B63F34000D386F4 /* Info.plist */,
			);
			path = NewsApp;
			sourceTree = "<group>";
		};
		7A6926B52B646FD100C7DEEB /* Models */ = {
			isa = PBXGroup;
			children = (
				7A6926B32B64621400C7DEEB /* NewsModel.swift */,
			);
			path = Models;
			sourceTree = "<group>";
		};
		7A6926B62B646FEB00C7DEEB /* ViewModels */ = {
			isa = PBXGroup;
			children = (
				7A6926B12B64487B00C7DEEB /* NewsTableViewCellViewModel.swift */,
			);
			path = ViewModels;
			sourceTree = "<group>";
		};
		7A6926B72B64700200C7DEEB /* Controllers */ = {
			isa = PBXGroup;
			children = (
				7A4E23C52B63F33E00D386F4 /* NewsViewController.swift */,
			);
			path = Controllers;
			sourceTree = "<group>";
		};
		7A6926B82B64700900C7DEEB /* Views */ = {
			isa = PBXGroup;
			children = (
				7A4E23D72B63FD8100D386F4 /* NewsTableViewCell.swift */,
			);
			path = Views;
			sourceTree = "<group>";
		};
		7A6926B92B64703C00C7DEEB /* Resources */ = {
			isa = PBXGroup;
			children = (
				7A4E23C12B63F33E00D386F4 /* AppDelegate.swift */,
				7A4E23C32B63F33E00D386F4 /* SceneDelegate.swift */,
				7A4E23CA2B63F34000D386F4 /* Assets.xcassets */,
				7A4E23C72B63F33E00D386F4 /* Main.storyboard */,
				7A4E23CC2B63F34000D386F4 /* LaunchScreen.storyboard */,
			);
			path = Resources;
			sourceTree = "<group>";
		};
		7A6926BA2B6470A200C7DEEB /* APIClient */ = {
			isa = PBXGroup;
			children = (
				7A4E23D52B63F52E00D386F4 /* APICaller.swift */,
				7AC7DC742BF80F8100ACDDCD /* ImageCache.swift */,
			);
			path = APIClient;
			sourceTree = "<group>";
		};
/* End PBXGroup section */

/* Begin PBXNativeTarget section */
		7A4E23BD2B63F33E00D386F4 /* NewsApp */ = {
			isa = PBXNativeTarget;
			buildConfigurationList = 7A4E23D22B63F34000D386F4 /* Build configuration list for PBXNativeTarget "NewsApp" */;
			buildPhases = (
				7A4E23BA2B63F33E00D386F4 /* Sources */,
				7A4E23BB2B63F33E00D386F4 /* Frameworks */,
				7A4E23BC2B63F33E00D386F4 /* Resources */,
			);
			buildRules = (
			);
			dependencies = (
			);
			name = NewsApp;
			productName = NewsApp;
			productReference = 7A4E23BE2B63F33E00D386F4 /* NewsApp.app */;
			productType = "com.apple.product-type.application";
		};
/* End PBXNativeTarget section */

/* Begin PBXProject section */
		7A4E23B62B63F33E00D386F4 /* Project object */ = {
			isa = PBXProject;
			attributes = {
				BuildIndependentTargetsInParallel = 1;
				LastSwiftUpdateCheck = 1520;
				LastUpgradeCheck = 1520;
				TargetAttributes = {
					7A4E23BD2B63F33E00D386F4 = {
						CreatedOnToolsVersion = 15.2;
					};
				};
			};
			buildConfigurationList = 7A4E23B92B63F33E00D386F4 /* Build configuration list for PBXProject "NewsApp" */;
			compatibilityVersion = "Xcode 14.0";
			developmentRegion = en;
			hasScannedForEncodings = 0;
			knownRegions = (
				en,
				Base,
			);
			mainGroup = 7A4E23B52B63F33E00D386F4;
			productRefGroup = 7A4E23BF2B63F33E00D386F4 /* Products */;
			projectDirPath = "";
			projectRoot = "";
			targets = (
				7A4E23BD2B63F33E00D386F4 /* NewsApp */,
			);
		};
/* End PBXProject section */

/* Begin PBXResourcesBuildPhase section */
		7A4E23BC2B63F33E00D386F4 /* Resources */ = {
			isa = PBXResourcesBuildPhase;
			buildActionMask = 2147483647;
			files = (
				7A4E23CE2B63F34000D386F4 /* LaunchScreen.storyboard in Resources */,
				7A4E23CB2B63F34000D386F4 /* Assets.xcassets in Resources */,
				7A4E23C92B63F33E00D386F4 /* Main.storyboard in Resources */,
			);
			runOnlyForDeploymentPostprocessing = 0;
		};
/* End PBXResourcesBuildPhase section */

/* Begin PBXSourcesBuildPhase section */
		7A4E23BA2B63F33E00D386F4 /* Sources */ = {
			isa = PBXSourcesBuildPhase;
			buildActionMask = 2147483647;
			files = (
				7A6926B42B64621400C7DEEB /* NewsModel.swift in Sources */,
				7A4E23C62B63F33E00D386F4 /* NewsViewController.swift in Sources */,
				7AC7DC752BF80F8100ACDDCD /* ImageCache.swift in Sources */,
				7A4E23C22B63F33E00D386F4 /* AppDelegate.swift in Sources */,
				7A4E23D82B63FD8100D386F4 /* NewsTableViewCell.swift in Sources */,
				7A4E23C42B63F33E00D386F4 /* SceneDelegate.swift in Sources */,
				7A6926B22B64487B00C7DEEB /* NewsTableViewCellViewModel.swift in Sources */,
				7A4E23D62B63F52E00D386F4 /* APICaller.swift in Sources */,
			);
			runOnlyForDeploymentPostprocessing = 0;
		};
/* End PBXSourcesBuildPhase section */

/* Begin PBXVariantGroup section */
		7A4E23C72B63F33E00D386F4 /* Main.storyboard */ = {
			isa = PBXVariantGroup;
			children = (
				7A4E23C82B63F33E00D386F4 /* Base */,
			);
			name = Main.storyboard;
			sourceTree = "<group>";
		};
		7A4E23CC2B63F34000D386F4 /* LaunchScreen.storyboard */ = {
			isa = PBXVariantGroup;
			children = (
				7A4E23CD2B63F34000D386F4 /* Base */,
			);
			name = LaunchScreen.storyboard;
			sourceTree = "<group>";
		};
/* End PBXVariantGroup section */

/* Begin XCBuildConfiguration section */
		7A4E23D02B63F34000D386F4 /* Debug */ = {
			isa = XCBuildConfiguration;
			buildSettings = {
				ALWAYS_SEARCH_USER_PATHS = NO;
				ASSETCATALOG_COMPILER_GENERATE_SWIFT_ASSET_SYMBOL_EXTENSIONS = YES;
				CLANG_ANALYZER_NONNULL = YES;
				CLANG_ANALYZER_NUMBER_OBJECT_CONVERSION = YES_AGGRESSIVE;
				CLANG_CXX_LANGUAGE_STANDARD = "gnu++20";
				CLANG_ENABLE_MODULES = YES;
				CLANG_ENABLE_OBJC_ARC = YES;
				CLANG_ENABLE_OBJC_WEAK = YES;
				CLANG_WARN_BLOCK_CAPTURE_AUTORELEASING = YES;
				CLANG_WARN_BOOL_CONVERSION = YES;
				CLANG_WARN_COMMA = YES;
				CLANG_WARN_CONSTANT_CONVERSION = YES;
				CLANG_WARN_DEPRECATED_OBJC_IMPLEMENTATIONS = YES;
				CLANG_WARN_DIRECT_OBJC_ISA_USAGE = YES_ERROR;
				CLANG_WARN_DOCUMENTATION_COMMENTS = YES;
				CLANG_WARN_EMPTY_BODY = YES;
				CLANG_WARN_ENUM_CONVERSION = YES;
				CLANG_WARN_INFINITE_RECURSION = YES;
				CLANG_WARN_INT_CONVERSION = YES;
				CLANG_WARN_NON_LITERAL_NULL_CONVERSION = YES;
				CLANG_WARN_OBJC_IMPLICIT_RETAIN_SELF = YES;
				CLANG_WARN_OBJC_LITERAL_CONVERSION = YES;
				CLANG_WARN_OBJC_ROOT_CLASS = YES_ERROR;
				CLANG_WARN_QUOTED_INCLUDE_IN_FRAMEWORK_HEADER = YES;
				CLANG_WARN_RANGE_LOOP_ANALYSIS = YES;
				CLANG_WARN_STRICT_PROTOTYPES = YES;
				CLANG_WARN_SUSPICIOUS_MOVE = YES;
				CLANG_WARN_UNGUARDED_AVAILABILITY = YES_AGGRESSIVE;
				CLANG_WARN_UNREACHABLE_CODE = YES;
				CLANG_WARN__DUPLICATE_METHOD_MATCH = YES;
				COPY_PHASE_STRIP = NO;
				DEBUG_INFORMATION_FORMAT = dwarf;
				ENABLE_STRICT_OBJC_MSGSEND = YES;
				ENABLE_TESTABILITY = YES;
				ENABLE_USER_SCRIPT_SANDBOXING = YES;
				GCC_C_LANGUAGE_STANDARD = gnu17;
				GCC_DYNAMIC_NO_PIC = NO;
				GCC_NO_COMMON_BLOCKS = YES;
				GCC_OPTIMIZATION_LEVEL = 0;
				GCC_PREPROCESSOR_DEFINITIONS = (
					"DEBUG=1",
					"$(inherited)",
				);
				GCC_WARN_64_TO_32_BIT_CONVERSION = YES;
				GCC_WARN_ABOUT_RETURN_TYPE = YES_ERROR;
				GCC_WARN_UNDECLARED_SELECTOR = YES;
				GCC_WARN_UNINITIALIZED_AUTOS = YES_AGGRESSIVE;
				GCC_WARN_UNUSED_FUNCTION = YES;
				GCC_WARN_UNUSED_VARIABLE = YES;
				IPHONEOS_DEPLOYMENT_TARGET = 17.2;
				LOCALIZATION_PREFERS_STRING_CATALOGS = YES;
				MTL_ENABLE_DEBUG_INFO = INCLUDE_SOURCE;
				MTL_FAST_MATH = YES;
				ONLY_ACTIVE_ARCH = YES;
				SDKROOT = iphoneos;
				SWIFT_ACTIVE_COMPILATION_CONDITIONS = "DEBUG $(inherited)";
				SWIFT_OPTIMIZATION_LEVEL = "-Onone";
			};
			name = Debug;
		};
		7A4E23D12B63F34000D386F4 /* Release */ = {
			isa = XCBuildConfiguration;
			buildSettings = {
				ALWAYS_SEARCH_USER_PATHS = NO;
				ASSETCATALOG_COMPILER_GENERATE_SWIFT_ASSET_SYMBOL_EXTENSIONS = YES;
				CLANG_ANALYZER_NONNULL = YES;
				CLANG_ANALYZER_NUMBER_OBJECT_CONVERSION = YES_AGGRESSIVE;
				CLANG_CXX_LANGUAGE_STANDARD = "gnu++20";
				CLANG_ENABLE_MODULES = YES;
				CLANG_ENABLE_OBJC_ARC = YES;
				CLANG_ENABLE_OBJC_WEAK = YES;
				CLANG_WARN_BLOCK_CAPTURE_AUTORELEASING = YES;
				CLANG_WARN_BOOL_CONVERSION = YES;
				CLANG_WARN_COMMA = YES;
				CLANG_WARN_CONSTANT_CONVERSION = YES;
				CLANG_WARN_DEPRECATED_OBJC_IMPLEMENTATIONS = YES;
				CLANG_WARN_DIRECT_OBJC_ISA_USAGE = YES_ERROR;
				CLANG_WARN_DOCUMENTATION_COMMENTS = YES;
				CLANG_WARN_EMPTY_BODY = YES;
				CLANG_WARN_ENUM_CONVERSION = YES;
				CLANG_WARN_INFINITE_RECURSION = YES;
				CLANG_WARN_INT_CONVERSION = YES;
				CLANG_WARN_NON_LITERAL_NULL_CONVERSION = YES;
				CLANG_WARN_OBJC_IMPLICIT_RETAIN_SELF = YES;
				CLANG_WARN_OBJC_LITERAL_CONVERSION = YES;
				CLANG_WARN_OBJC_ROOT_CLASS = YES_ERROR;
				CLANG_WARN_QUOTED_INCLUDE_IN_FRAMEWORK_HEADER = YES;
				CLANG_WARN_RANGE_LOOP_ANALYSIS = YES;
				CLANG_WARN_STRICT_PROTOTYPES = YES;
				CLANG_WARN_SUSPICIOUS_MOVE = YES;
				CLANG_WARN_UNGUARDED_AVAILABILITY = YES_AGGRESSIVE;
				CLANG_WARN_UNREACHABLE_CODE = YES;
				CLANG_WARN__DUPLICATE_METHOD_MATCH = YES;
				COPY_PHASE_STRIP = NO;
				DEBUG_INFORMATION_FORMAT = "dwarf-with-dsym";
				ENABLE_NS_ASSERTIONS = NO;
				ENABLE_STRICT_OBJC_MSGSEND = YES;
				ENABLE_USER_SCRIPT_SANDBOXING = YES;
				GCC_C_LANGUAGE_STANDARD = gnu17;
				GCC_NO_COMMON_BLOCKS = YES;
				GCC_WARN_64_TO_32_BIT_CONVERSION = YES;
				GCC_WARN_ABOUT_RETURN_TYPE = YES_ERROR;
				GCC_WARN_UNDECLARED_SELECTOR = YES;
				GCC_WARN_UNINITIALIZED_AUTOS = YES_AGGRESSIVE;
				GCC_WARN_UNUSED_FUNCTION = YES;
				GCC_WARN_UNUSED_VARIABLE = YES;
				IPHONEOS_DEPLOYMENT_TARGET = 17.2;
				LOCALIZATION_PREFERS_STRING_CATALOGS = YES;
				MTL_ENABLE_DEBUG_INFO = NO;
				MTL_FAST_MATH = YES;
				SDKROOT = iphoneos;
				SWIFT_COMPILATION_MODE = wholemodule;
				VALIDATE_PRODUCT = YES;
			};
			name = Release;
		};
		7A4E23D32B63F34000D386F4 /* Debug */ = {
			isa = XCBuildConfiguration;
			buildSettings = {
				ASSETCATALOG_COMPILER_APPICON_NAME = AppIcon;
				ASSETCATALOG_COMPILER_GLOBAL_ACCENT_COLOR_NAME = AccentColor;
				CODE_SIGN_STYLE = Automatic;
				CURRENT_PROJECT_VERSION = 1;
				DEVELOPMENT_TEAM = FYSBP62SYJ;
				GENERATE_INFOPLIST_FILE = YES;
				INFOPLIST_FILE = NewsApp/Info.plist;
				INFOPLIST_KEY_UIApplicationSupportsIndirectInputEvents = YES;
				INFOPLIST_KEY_UILaunchStoryboardName = LaunchScreen;
				INFOPLIST_KEY_UIMainStoryboardFile = Main;
				INFOPLIST_KEY_UISupportedInterfaceOrientations_iPad = "UIInterfaceOrientationPortrait UIInterfaceOrientationPortraitUpsideDown UIInterfaceOrientationLandscapeLeft UIInterfaceOrientationLandscapeRight";
				INFOPLIST_KEY_UISupportedInterfaceOrientations_iPhone = "UIInterfaceOrientationPortrait UIInterfaceOrientationLandscapeLeft UIInterfaceOrientationLandscapeRight";
				LD_RUNPATH_SEARCH_PATHS = (
					"$(inherited)",
					"@executable_path/Frameworks",
				);
				MARKETING_VERSION = 1.0;
				PRODUCT_BUNDLE_IDENTIFIER = com.joaovytor.NewsApp;
				PRODUCT_NAME = "$(TARGET_NAME)";
				SWIFT_EMIT_LOC_STRINGS = YES;
				SWIFT_VERSION = 5.0;
				TARGETED_DEVICE_FAMILY = "1,2";
			};
			name = Debug;
		};
		7A4E23D42B63F34000D386F4 /* Release */ = {
			isa = XCBuildConfiguration;
			buildSettings = {
				ASSETCATALOG_COMPILER_APPICON_NAME = AppIcon;
				ASSETCATALOG_COMPILER_GLOBAL_ACCENT_COLOR_NAME = AccentColor;
				CODE_SIGN_STYLE = Automatic;
				CURRENT_PROJECT_VERSION = 1;
				DEVELOPMENT_TEAM = FYSBP62SYJ;
				GENERATE_INFOPLIST_FILE = YES;
				INFOPLIST_FILE = NewsApp/Info.plist;
				INFOPLIST_KEY_UIApplicationSupportsIndirectInputEvents = YES;
				INFOPLIST_KEY_UILaunchStoryboardName = LaunchScreen;
				INFOPLIST_KEY_UIMainStoryboardFile = Main;
				INFOPLIST_KEY_UISupportedInterfaceOrientations_iPad = "UIInterfaceOrientationPortrait UIInterfaceOrientationPortraitUpsideDown UIInterfaceOrientationLandscapeLeft UIInterfaceOrientationLandscapeRight";
				INFOPLIST_KEY_UISupportedInterfaceOrientations_iPhone = "UIInterfaceOrientationPortrait UIInterfaceOrientationLandscapeLeft UIInterfaceOrientationLandscapeRight";
				LD_RUNPATH_SEARCH_PATHS = (
					"$(inherited)",
					"@executable_path/Frameworks",
				);
				MARKETING_VERSION = 1.0;
				PRODUCT_BUNDLE_IDENTIFIER = com.joaovytor.NewsApp;
				PRODUCT_NAME = "$(TARGET_NAME)";
				SWIFT_EMIT_LOC_STRINGS = YES;
				SWIFT_VERSION = 5.0;
				TARGETED_DEVICE_FAMILY = "1,2";
			};
			name = Release;
		};
/* End XCBuildConfiguration section */

/* Begin XCConfigurationList section */
		7A4E23B92B63F33E00D386F4 /* Build configuration list for PBXProject "NewsApp" */ = {
			isa = XCConfigurationList;
			buildConfigurations = (
				7A4E23D02B63F34000D386F4 /* Debug */,
				7A4E23D12B63F34000D386F4 /* Release */,
			);
			defaultConfigurationIsVisible = 0;
			defaultConfigurationName = Release;
		};
		7A4E23D22B63F34000D386F4 /* Build configuration list for PBXNativeTarget "NewsApp" */ = {
			isa = XCConfigurationList;
			buildConfigurations = (
				7A4E23D32B63F34000D386F4 /* Debug */,
				7A4E23D42B63F34000D386F4 /* Release */,
			);
			defaultConfigurationIsVisible = 0;
			defaultConfigurationName = Release;
		};
/* End XCConfigurationList section */
	};
	rootObject = 7A4E23B62B63F33E00D386F4 /* Project object */;
}
